
Microsoft Visual Studio Solution File, Format Version 12.00
# Visual Studio Version 17
VisualStudioVersion = 17.0.31903.59
MinimumVisualStudioVersion = 10.0.40219.1
Project("{2150E333-8FDC-42A3-9474-1A3956D46DE8}") = "src", "src", "{BDDE88EA-101D-493E-BE60-DFD5CD876490}"
EndProject
Project("{FAE04EC0-301F-11D3-BF4B-00C04F79EFBC}") = "API", "src\API\API.csproj", "{C1EC4908-7A41-4D35-A8E4-207C30C88902}"
EndProject
Project("{FAE04EC0-301F-11D3-BF4B-00C04F79EFBC}") = "Core.Domain", "src\Core.Domain\Core.Domain.csproj", "{D13D0184-DDBD-41B7-A988-6652456BE848}"
EndProject
Project("{FAE04EC0-301F-11D3-BF4B-00C04F79EFBC}") = "Domain", "src\Domain\Domain.csproj", "{769306A2-D902-4EFA-A0E4-A8F6F2F658CC}"
EndProject
Project("{FAE04EC0-301F-11D3-BF4B-00C04F79EFBC}") = "Infra", "src\Infra\Infra.csproj", "{CE0F0D01-E328-4890-9053-37B0C6DF1900}"
EndProject
Global
	GlobalSection(SolutionConfigurationPlatforms) = preSolution
		Debug|Any CPU = Debug|Any CPU
		Release|Any CPU = Release|Any CPU
	EndGlobalSection
	GlobalSection(SolutionProperties) = preSolution
		HideSolutionNode = FALSE
	EndGlobalSection
	GlobalSection(ProjectConfigurationPlatforms) = postSolution
		{C1EC4908-7A41-4D35-A8E4-207C30C88902}.Debug|Any CPU.ActiveCfg = Debug|Any CPU
		{C1EC4908-7A41-4D35-A8E4-207C30C88902}.Debug|Any CPU.Build.0 = Debug|Any CPU
		{C1EC4908-7A41-4D35-A8E4-207C30C88902}.Release|Any CPU.ActiveCfg = Release|Any CPU
		{C1EC4908-7A41-4D35-A8E4-207C30C88902}.Release|Any CPU.Build.0 = Release|Any CPU
		{D13D0184-DDBD-41B7-A988-6652456BE848}.Debug|Any CPU.ActiveCfg = Debug|Any CPU
		{D13D0184-DDBD-41B7-A988-6652456BE848}.Debug|Any CPU.Build.0 = Debug|Any CPU
		{D13D0184-DDBD-41B7-A988-6652456BE848}.Release|Any CPU.ActiveCfg = Release|Any CPU
		{D13D0184-DDBD-41B7-A988-6652456BE848}.Release|Any CPU.Build.0 = Release|Any CPU
		{769306A2-D902-4EFA-A0E4-A8F6F2F658CC}.Debug|Any CPU.ActiveCfg = Debug|Any CPU
		{769306A2-D902-4EFA-A0E4-A8F6F2F658CC}.Debug|Any CPU.Build.0 = Debug|Any CPU
		{769306A2-D902-4EFA-A0E4-A8F6F2F658CC}.Release|Any CPU.ActiveCfg = Release|Any CPU
		{769306A2-D902-4EFA-A0E4-A8F6F2F658CC}.Release|Any CPU.Build.0 = Release|Any CPU
		{CE0F0D01-E328-4890-9053-37B0C6DF1900}.Debug|Any CPU.ActiveCfg = Debug|Any CPU
		{CE0F0D01-E328-4890-9053-37B0C6DF1900}.Debug|Any CPU.Build.0 = Debug|Any CPU
		{CE0F0D01-E328-4890-9053-37B0C6DF1900}.Release|Any CPU.ActiveCfg = Release|Any CPU
		{CE0F0D01-E328-4890-9053-37B0C6DF1900}.Release|Any CPU.Build.0 = Release|Any CPU
	EndGlobalSection
	GlobalSection(NestedProjects) = preSolution
		{C1EC4908-7A41-4D35-A8E4-207C30C88902} = {BDDE88EA-101D-493E-BE60-DFD5CD876490}
		{D13D0184-DDBD-41B7-A988-6652456BE848} = {BDDE88EA-101D-493E-BE60-DFD5CD876490}
		{769306A2-D902-4EFA-A0E4-A8F6F2F658CC} = {BDDE88EA-101D-493E-BE60-DFD5CD876490}
		{CE0F0D01-E328-4890-9053-37B0C6DF1900} = {BDDE88EA-101D-493E-BE60-DFD5CD876490}
	EndGlobalSection
EndGlobal
